// !$*UTF8*$!
{
	archiveVersion = 1;
	classes = {
	};
	objectVersion = 50;
	objects = {

/* Begin PBXBuildFile section */
		9227AACA20902BF500D17EC1 /* CategoryViewController.swift in Sources */ = {isa = PBXBuildFile; fileRef = 9227AAC920902BF500D17EC1 /* CategoryViewController.swift */; };
		9227AACC20902C7300D17EC1 /* CategoryTableViewCell.swift in Sources */ = {isa = PBXBuildFile; fileRef = 9227AACB20902C7300D17EC1 /* CategoryTableViewCell.swift */; };
		9227AACE20902F8300D17EC1 /* UpdateViewController.swift in Sources */ = {isa = PBXBuildFile; fileRef = 9227AACD20902F8300D17EC1 /* UpdateViewController.swift */; };
		9227AAD02090300900D17EC1 /* HistoryViewController.swift in Sources */ = {isa = PBXBuildFile; fileRef = 9227AACF2090300900D17EC1 /* HistoryViewController.swift */; };
		9227AAD2209036B700D17EC1 /* ShoppingTableViewCell.swift in Sources */ = {isa = PBXBuildFile; fileRef = 9227AAD1209036B700D17EC1 /* ShoppingTableViewCell.swift */; };
		9227AAD620903A1F00D17EC1 /* ShoppingViewController.swift in Sources */ = {isa = PBXBuildFile; fileRef = 9227AAD520903A1F00D17EC1 /* ShoppingViewController.swift */; };
		92E4469A20914991001A03EF /* responder.swift in Sources */ = {isa = PBXBuildFile; fileRef = 92E4469920914991001A03EF /* responder.swift */; };
		92E4469C2091537E001A03EF /* HistoryViewCell.swift in Sources */ = {isa = PBXBuildFile; fileRef = 92E4469B2091537E001A03EF /* HistoryViewCell.swift */; };
		92FAA20520900A420014AAD9 /* AppDelegate.swift in Sources */ = {isa = PBXBuildFile; fileRef = 92FAA20420900A420014AAD9 /* AppDelegate.swift */; };
		92FAA20A20900A420014AAD9 /* Main.storyboard in Resources */ = {isa = PBXBuildFile; fileRef = 92FAA20820900A420014AAD9 /* Main.storyboard */; };
		92FAA20D20900A420014AAD9 /* PCShoppingApp.xcdatamodeld in Sources */ = {isa = PBXBuildFile; fileRef = 92FAA20B20900A420014AAD9 /* PCShoppingApp.xcdatamodeld */; };
		92FAA20F20900A430014AAD9 /* Assets.xcassets in Resources */ = {isa = PBXBuildFile; fileRef = 92FAA20E20900A430014AAD9 /* Assets.xcassets */; };
		92FAA21220900A430014AAD9 /* LaunchScreen.storyboard in Resources */ = {isa = PBXBuildFile; fileRef = 92FAA21020900A430014AAD9 /* LaunchScreen.storyboard */; };
		92FAA21A20901C890014AAD9 /* CollectionViewCell.swift in Sources */ = {isa = PBXBuildFile; fileRef = 92FAA21920901C890014AAD9 /* CollectionViewCell.swift */; };
/* End PBXBuildFile section */

/* Begin PBXFileReference section */
		9227AAC920902BF500D17EC1 /* CategoryViewController.swift */ = {isa = PBXFileReference; lastKnownFileType = sourcecode.swift; path = CategoryViewController.swift; sourceTree = "<group>"; };
		9227AACB20902C7300D17EC1 /* CategoryTableViewCell.swift */ = {isa = PBXFileReference; lastKnownFileType = sourcecode.swift; path = CategoryTableViewCell.swift; sourceTree = "<group>"; };
		9227AACD20902F8300D17EC1 /* UpdateViewController.swift */ = {isa = PBXFileReference; lastKnownFileType = sourcecode.swift; path = UpdateViewController.swift; sourceTree = "<group>"; };
		9227AACF2090300900D17EC1 /* HistoryViewController.swift */ = {isa = PBXFileReference; lastKnownFileType = sourcecode.swift; path = HistoryViewController.swift; sourceTree = "<group>"; };
		9227AAD1209036B700D17EC1 /* ShoppingTableViewCell.swift */ = {isa = PBXFileReference; lastKnownFileType = sourcecode.swift; path = ShoppingTableViewCell.swift; sourceTree = "<group>"; };
		9227AAD520903A1F00D17EC1 /* ShoppingViewController.swift */ = {isa = PBXFileReference; lastKnownFileType = sourcecode.swift; path = ShoppingViewController.swift; sourceTree = "<group>"; };
		92E4469920914991001A03EF /* responder.swift */ = {isa = PBXFileReference; lastKnownFileType = sourcecode.swift; path = responder.swift; sourceTree = "<group>"; };
		92E4469B2091537E001A03EF /* HistoryViewCell.swift */ = {isa = PBXFileReference; lastKnownFileType = sourcecode.swift; path = HistoryViewCell.swift; sourceTree = "<group>"; };
		92FAA20120900A420014AAD9 /* PCShoppingApp.app */ = {isa = PBXFileReference; explicitFileType = wrapper.application; includeInIndex = 0; path = PCShoppingApp.app; sourceTree = BUILT_PRODUCTS_DIR; };
		92FAA20420900A420014AAD9 /* AppDelegate.swift */ = {isa = PBXFileReference; lastKnownFileType = sourcecode.swift; path = AppDelegate.swift; sourceTree = "<group>"; };
		92FAA20920900A420014AAD9 /* Base */ = {isa = PBXFileReference; lastKnownFileType = file.storyboard; name = Base; path = Base.lproj/Main.storyboard; sourceTree = "<group>"; };
		92FAA20C20900A420014AAD9 /* PCShoppingApp.xcdatamodel */ = {isa = PBXFileReference; lastKnownFileType = wrapper.xcdatamodel; path = PCShoppingApp.xcdatamodel; sourceTree = "<group>"; };
		92FAA20E20900A430014AAD9 /* Assets.xcassets */ = {isa = PBXFileReference; lastKnownFileType = folder.assetcatalog; path = Assets.xcassets; sourceTree = "<group>"; };
		92FAA21120900A430014AAD9 /* Base */ = {isa = PBXFileReference; lastKnownFileType = file.storyboard; name = Base; path = Base.lproj/LaunchScreen.storyboard; sourceTree = "<group>"; };
		92FAA21320900A430014AAD9 /* Info.plist */ = {isa = PBXFileReference; lastKnownFileType = text.plist.xml; path = Info.plist; sourceTree = "<group>"; };
		92FAA21920901C890014AAD9 /* CollectionViewCell.swift */ = {isa = PBXFileReference; lastKnownFileType = sourcecode.swift; path = CollectionViewCell.swift; sourceTree = "<group>"; };
/* End PBXFileReference section */

/* Begin PBXFrameworksBuildPhase section */
		92FAA1FE20900A420014AAD9 /* Frameworks */ = {
			isa = PBXFrameworksBuildPhase;
			buildActionMask = 2147483647;
			files = (
			);
			runOnlyForDeploymentPostprocessing = 0;
		};
/* End PBXFrameworksBuildPhase section */

/* Begin PBXGroup section */
		92FAA1F820900A420014AAD9 = {
			isa = PBXGroup;
			children = (
				92FAA20320900A420014AAD9 /* PCShoppingApp */,
				92FAA20220900A420014AAD9 /* Products */,
			);
			sourceTree = "<group>";
		};
		92FAA20220900A420014AAD9 /* Products */ = {
			isa = PBXGroup;
			children = (
				92FAA20120900A420014AAD9 /* PCShoppingApp.app */,
			);
			name = Products;
			sourceTree = "<group>";
		};
		92FAA20320900A420014AAD9 /* PCShoppingApp */ = {
			isa = PBXGroup;
			children = (
				92FAA20420900A420014AAD9 /* AppDelegate.swift */,
				92FAA20820900A420014AAD9 /* Main.storyboard */,
				9227AAD1209036B700D17EC1 /* ShoppingTableViewCell.swift */,
				92E4469920914991001A03EF /* responder.swift */,
				9227AACF2090300900D17EC1 /* HistoryViewController.swift */,
				92E4469B2091537E001A03EF /* HistoryViewCell.swift */,
				9227AACD20902F8300D17EC1 /* UpdateViewController.swift */,
				9227AACB20902C7300D17EC1 /* CategoryTableViewCell.swift */,
				9227AAC920902BF500D17EC1 /* CategoryViewController.swift */,
				92FAA21920901C890014AAD9 /* CollectionViewCell.swift */,
				92FAA20E20900A430014AAD9 /* Assets.xcassets */,
				92FAA21020900A430014AAD9 /* LaunchScreen.storyboard */,
				92FAA21320900A430014AAD9 /* Info.plist */,
				92FAA20B20900A420014AAD9 /* PCShoppingApp.xcdatamodeld */,
				9227AAD520903A1F00D17EC1 /* ShoppingViewController.swift */,
			);
			path = PCShoppingApp;
			sourceTree = "<group>";
		};
/* End PBXGroup section */

/* Begin PBXNativeTarget section */
		92FAA20020900A420014AAD9 /* PCShoppingApp */ = {
			isa = PBXNativeTarget;
			buildConfigurationList = 92FAA21620900A430014AAD9 /* Build configuration list for PBXNativeTarget "PCShoppingApp" */;
			buildPhases = (
				92FAA1FD20900A420014AAD9 /* Sources */,
				92FAA1FE20900A420014AAD9 /* Frameworks */,
				92FAA1FF20900A420014AAD9 /* Resources */,
			);
			buildRules = (
			);
			dependencies = (
			);
			name = PCShoppingApp;
			productName = PCShoppingApp;
			productReference = 92FAA20120900A420014AAD9 /* PCShoppingApp.app */;
			productType = "com.apple.product-type.application";
		};
/* End PBXNativeTarget section */

/* Begin PBXProject section */
		92FAA1F920900A420014AAD9 /* Project object */ = {
			isa = PBXProject;
			attributes = {
				LastSwiftUpdateCheck = 0930;
				LastUpgradeCheck = 0930;
				ORGANIZATIONNAME = user139368;
				TargetAttributes = {
					92FAA20020900A420014AAD9 = {
						CreatedOnToolsVersion = 9.3;
					};
				};
			};
			buildConfigurationList = 92FAA1FC20900A420014AAD9 /* Build configuration list for PBXProject "PCShoppingApp" */;
			compatibilityVersion = "Xcode 9.3";
			developmentRegion = en;
			hasScannedForEncodings = 0;
			knownRegions = (
				en,
				Base,
			);
			mainGroup = 92FAA1F820900A420014AAD9;
			productRefGroup = 92FAA20220900A420014AAD9 /* Products */;
			projectDirPath = "";
			projectRoot = "";
			targets = (
				92FAA20020900A420014AAD9 /* PCShoppingApp */,
			);
		};
/* End PBXProject section */

/* Begin PBXResourcesBuildPhase section */
		92FAA1FF20900A420014AAD9 /* Resources */ = {
			isa = PBXResourcesBuildPhase;
			buildActionMask = 2147483647;
			files = (
				92FAA21220900A430014AAD9 /* LaunchScreen.storyboard in Resources */,
				92FAA20F20900A430014AAD9 /* Assets.xcassets in Resources */,
				92FAA20A20900A420014AAD9 /* Main.storyboard in Resources */,
			);
			runOnlyForDeploymentPostprocessing = 0;
		};
/* End PBXResourcesBuildPhase section */

/* Begin PBXSourcesBuildPhase section */
		92FAA1FD20900A420014AAD9 /* Sources */ = {
			isa = PBXSourcesBuildPhase;
			buildActionMask = 2147483647;
			files = (
				92E4469A20914991001A03EF /* responder.swift in Sources */,
				9227AACA20902BF500D17EC1 /* CategoryViewController.swift in Sources */,
				9227AAD620903A1F00D17EC1 /* ShoppingViewController.swift in Sources */,
				92FAA20D20900A420014AAD9 /* PCShoppingApp.xcdatamodeld in Sources */,
				92FAA21A20901C890014AAD9 /* CollectionViewCell.swift in Sources */,
				9227AAD2209036B700D17EC1 /* ShoppingTableViewCell.swift in Sources */,
				92FAA20520900A420014AAD9 /* AppDelegate.swift in Sources */,
				9227AACE20902F8300D17EC1 /* UpdateViewController.swift in Sources */,
				9227AACC20902C7300D17EC1 /* CategoryTableViewCell.swift in Sources */,
				92E4469C2091537E001A03EF /* HistoryViewCell.swift in Sources */,
				9227AAD02090300900D17EC1 /* HistoryViewController.swift in Sources */,
			);
			runOnlyForDeploymentPostprocessing = 0;
		};
/* End PBXSourcesBuildPhase section */

/* Begin PBXVariantGroup section */
		92FAA20820900A420014AAD9 /* Main.storyboard */ = {
			isa = PBXVariantGroup;
			children = (
				92FAA20920900A420014AAD9 /* Base */,
			);
			name = Main.storyboard;
			sourceTree = "<group>";
		};
		92FAA21020900A430014AAD9 /* LaunchScreen.storyboard */ = {
			isa = PBXVariantGroup;
			children = (
				92FAA21120900A430014AAD9 /* Base */,
			);
			name = LaunchScreen.storyboard;
			sourceTree = "<group>";
		};
/* End PBXVariantGroup section */

/* Begin XCBuildConfiguration section */
		92FAA21420900A430014AAD9 /* Debug */ = {
			isa = XCBuildConfiguration;
			buildSettings = {
				ALWAYS_SEARCH_USER_PATHS = NO;
				CLANG_ANALYZER_NONNULL = YES;
				CLANG_ANALYZER_NUMBER_OBJECT_CONVERSION = YES_AGGRESSIVE;
				CLANG_CXX_LANGUAGE_STANDARD = "gnu++14";
				CLANG_CXX_LIBRARY = "libc++";
				CLANG_ENABLE_MODULES = YES;
				CLANG_ENABLE_OBJC_ARC = YES;
				CLANG_ENABLE_OBJC_WEAK = YES;
				CLANG_WARN_BLOCK_CAPTURE_AUTORELEASING = YES;
				CLANG_WARN_BOOL_CONVERSION = YES;
				CLANG_WARN_COMMA = YES;
				CLANG_WARN_CONSTANT_CONVERSION = YES;
				CLANG_WARN_DEPRECATED_OBJC_IMPLEMENTATIONS = YES;
				CLANG_WARN_DIRECT_OBJC_ISA_USAGE = YES_ERROR;
				CLANG_WARN_DOCUMENTATION_COMMENTS = YES;
				CLANG_WARN_EMPTY_BODY = YES;
				CLANG_WARN_ENUM_CONVERSION = YES;
				CLANG_WARN_INFINITE_RECURSION = YES;
				CLANG_WARN_INT_CONVERSION = YES;
				CLANG_WARN_NON_LITERAL_NULL_CONVERSION = YES;
				CLANG_WARN_OBJC_IMPLICIT_RETAIN_SELF = YES;
				CLANG_WARN_OBJC_LITERAL_CONVERSION = YES;
				CLANG_WARN_OBJC_ROOT_CLASS = YES_ERROR;
				CLANG_WARN_RANGE_LOOP_ANALYSIS = YES;
				CLANG_WARN_STRICT_PROTOTYPES = YES;
				CLANG_WARN_SUSPICIOUS_MOVE = YES;
				CLANG_WARN_UNGUARDED_AVAILABILITY = YES_AGGRESSIVE;
				CLANG_WARN_UNREACHABLE_CODE = YES;
				CLANG_WARN__DUPLICATE_METHOD_MATCH = YES;
				CODE_SIGN_IDENTITY = "iPhone Developer";
				COPY_PHASE_STRIP = NO;
				DEBUG_INFORMATION_FORMAT = dwarf;
				ENABLE_STRICT_OBJC_MSGSEND = YES;
				ENABLE_TESTABILITY = YES;
				GCC_C_LANGUAGE_STANDARD = gnu11;
				GCC_DYNAMIC_NO_PIC = NO;
				GCC_NO_COMMON_BLOCKS = YES;
				GCC_OPTIMIZATION_LEVEL = 0;
				GCC_PREPROCESSOR_DEFINITIONS = (
					"DEBUG=1",
					"$(inherited)",
				);
				GCC_WARN_64_TO_32_BIT_CONVERSION = YES;
				GCC_WARN_ABOUT_RETURN_TYPE = YES_ERROR;
				GCC_WARN_UNDECLARED_SELECTOR = YES;
				GCC_WARN_UNINITIALIZED_AUTOS = YES_AGGRESSIVE;
				GCC_WARN_UNUSED_FUNCTION = YES;
				GCC_WARN_UNUSED_VARIABLE = YES;
				IPHONEOS_DEPLOYMENT_TARGET = 11.3;
				MTL_ENABLE_DEBUG_INFO = YES;
				ONLY_ACTIVE_ARCH = YES;
				SDKROOT = iphoneos;
				SWIFT_ACTIVE_COMPILATION_CONDITIONS = DEBUG;
				SWIFT_OPTIMIZATION_LEVEL = "-Onone";
			};
			name = Debug;
		};
		92FAA21520900A430014AAD9 /* Release */ = {
			isa = XCBuildConfiguration;
			buildSettings = {
				ALWAYS_SEARCH_USER_PATHS = NO;
				CLANG_ANALYZER_NONNULL = YES;
				CLANG_ANALYZER_NUMBER_OBJECT_CONVERSION = YES_AGGRESSIVE;
				CLANG_CXX_LANGUAGE_STANDARD = "gnu++14";
				CLANG_CXX_LIBRARY = "libc++";
				CLANG_ENABLE_MODULES = YES;
				CLANG_ENABLE_OBJC_ARC = YES;
				CLANG_ENABLE_OBJC_WEAK = YES;
				CLANG_WARN_BLOCK_CAPTURE_AUTORELEASING = YES;
				CLANG_WARN_BOOL_CONVERSION = YES;
				CLANG_WARN_COMMA = YES;
				CLANG_WARN_CONSTANT_CONVERSION = YES;
				CLANG_WARN_DEPRECATED_OBJC_IMPLEMENTATIONS = YES;
				CLANG_WARN_DIRECT_OBJC_ISA_USAGE = YES_ERROR;
				CLANG_WARN_DOCUMENTATION_COMMENTS = YES;
				CLANG_WARN_EMPTY_BODY = YES;
				CLANG_WARN_ENUM_CONVERSION = YES;
				CLANG_WARN_INFINITE_RECURSION = YES;
				CLANG_WARN_INT_CONVERSION = YES;
				CLANG_WARN_NON_LITERAL_NULL_CONVERSION = YES;
				CLANG_WARN_OBJC_IMPLICIT_RETAIN_SELF = YES;
				CLANG_WARN_OBJC_LITERAL_CONVERSION = YES;
				CLANG_WARN_OBJC_ROOT_CLASS = YES_ERROR;
				CLANG_WARN_RANGE_LOOP_ANALYSIS = YES;
				CLANG_WARN_STRICT_PROTOTYPES = YES;
				CLANG_WARN_SUSPICIOUS_MOVE = YES;
				CLANG_WARN_UNGUARDED_AVAILABILITY = YES_AGGRESSIVE;
				CLANG_WARN_UNREACHABLE_CODE = YES;
				CLANG_WARN__DUPLICATE_METHOD_MATCH = YES;
				CODE_SIGN_IDENTITY = "iPhone Developer";
				COPY_PHASE_STRIP = NO;
				DEBUG_INFORMATION_FORMAT = "dwarf-with-dsym";
				ENABLE_NS_ASSERTIONS = NO;
				ENABLE_STRICT_OBJC_MSGSEND = YES;
				GCC_C_LANGUAGE_STANDARD = gnu11;
				GCC_NO_COMMON_BLOCKS = YES;
				GCC_WARN_64_TO_32_BIT_CONVERSION = YES;
				GCC_WARN_ABOUT_RETURN_TYPE = YES_ERROR;
				GCC_WARN_UNDECLARED_SELECTOR = YES;
				GCC_WARN_UNINITIALIZED_AUTOS = YES_AGGRESSIVE;
				GCC_WARN_UNUSED_FUNCTION = YES;
				GCC_WARN_UNUSED_VARIABLE = YES;
				IPHONEOS_DEPLOYMENT_TARGET = 11.3;
				MTL_ENABLE_DEBUG_INFO = NO;
				SDKROOT = iphoneos;
				SWIFT_COMPILATION_MODE = wholemodule;
				SWIFT_OPTIMIZATION_LEVEL = "-O";
				VALIDATE_PRODUCT = YES;
			};
			name = Release;
		};
		92FAA21720900A430014AAD9 /* Debug */ = {
			isa = XCBuildConfiguration;
			buildSettings = {
				ASSETCATALOG_COMPILER_APPICON_NAME = AppIcon;
				CODE_SIGN_STYLE = Automatic;
				INFOPLIST_FILE = PCShoppingApp/Info.plist;
				LD_RUNPATH_SEARCH_PATHS = (
					"$(inherited)",
					"@executable_path/Frameworks",
				);
				PRODUCT_BUNDLE_IDENTIFIER = ucc.PCShoppingApp;
				PRODUCT_NAME = "$(TARGET_NAME)";
				SWIFT_VERSION = 4.0;
				TARGETED_DEVICE_FAMILY = "1,2";
			};
			name = Debug;
		};
		92FAA21820900A430014AAD9 /* Release */ = {
			isa = XCBuildConfiguration;
			buildSettings = {
				ASSETCATALOG_COMPILER_APPICON_NAME = AppIcon;
				CODE_SIGN_STYLE = Automatic;
				INFOPLIST_FILE = PCShoppingApp/Info.plist;
				LD_RUNPATH_SEARCH_PATHS = (
					"$(inherited)",
					"@executable_path/Frameworks",
				);
				PRODUCT_BUNDLE_IDENTIFIER = ucc.PCShoppingApp;
				PRODUCT_NAME = "$(TARGET_NAME)";
				SWIFT_VERSION = 4.0;
				TARGETED_DEVICE_FAMILY = "1,2";
			};
			name = Release;
		};
/* End XCBuildConfiguration section */

/* Begin XCConfigurationList section */
		92FAA1FC20900A420014AAD9 /* Build configuration list for PBXProject "PCShoppingApp" */ = {
			isa = XCConfigurationList;
			buildConfigurations = (
				92FAA21420900A430014AAD9 /* Debug */,
				92FAA21520900A430014AAD9 /* Release */,
			);
			defaultConfigurationIsVisible = 0;
			defaultConfigurationName = Release;
		};
		92FAA21620900A430014AAD9 /* Build configuration list for PBXNativeTarget "PCShoppingApp" */ = {
			isa = XCConfigurationList;
			buildConfigurations = (
				92FAA21720900A430014AAD9 /* Debug */,
				92FAA21820900A430014AAD9 /* Release */,
			);
			defaultConfigurationIsVisible = 0;
			defaultConfigurationName = Release;
		};
/* End XCConfigurationList section */

/* Begin XCVersionGroup section */
		92FAA20B20900A420014AAD9 /* PCShoppingApp.xcdatamodeld */ = {
			isa = XCVersionGroup;
			children = (
				92FAA20C20900A420014AAD9 /* PCShoppingApp.xcdatamodel */,
			);
			currentVersion = 92FAA20C20900A420014AAD9 /* PCShoppingApp.xcdatamodel */;
			path = PCShoppingApp.xcdatamodeld;
			sourceTree = "<group>";
			versionGroupType = wrapper.xcdatamodel;
		};
/* End XCVersionGroup section */
	};
	rootObject = 92FAA1F920900A420014AAD9 /* Project object */;
}
